
Microsoft Visual Studio Solution File, Format Version 12.00
# Visual Studio Version 16
VisualStudioVersion = 16.0.31911.196
MinimumVisualStudioVersion = 10.0.40219.1
Project("{FAE04EC0-301F-11D3-BF4B-00C04F79EFBC}") = "Homework_16", "Homework_16.csproj", "{73340ED0-A319-4A05-9F21-49B3BFD65776}"
EndProject
Project("{FAE04EC0-301F-11D3-BF4B-00C04F79EFBC}") = "Homework_16.2", "..\Homework_16.2\Homework_16.2.csproj", "{A0ECED15-F3D1-4786-8DB4-79BD1E66156E}"
EndProject
Global
	GlobalSection(SolutionConfigurationPlatforms) = preSolution
		Debug|Any CPU = Debug|Any CPU
		Release|Any CPU = Release|Any CPU
	EndGlobalSection
	GlobalSection(ProjectConfigurationPlatforms) = postSolution
		{73340ED0-A319-4A05-9F21-49B3BFD65776}.Debug|Any CPU.ActiveCfg = Debug|Any CPU
		{73340ED0-A319-4A05-9F21-49B3BFD65776}.Debug|Any CPU.Build.0 = Debug|Any CPU
		{73340ED0-A319-4A05-9F21-49B3BFD65776}.Release|Any CPU.ActiveCfg = Release|Any CPU
		{73340ED0-A319-4A05-9F21-49B3BFD65776}.Release|Any CPU.Build.0 = Release|Any CPU
		{A0ECED15-F3D1-4786-8DB4-79BD1E66156E}.Debug|Any CPU.ActiveCfg = Debug|Any CPU
		{A0ECED15-F3D1-4786-8DB4-79BD1E66156E}.Debug|Any CPU.Build.0 = Debug|Any CPU
		{A0ECED15-F3D1-4786-8DB4-79BD1E66156E}.Release|Any CPU.ActiveCfg = Release|Any CPU
		{A0ECED15-F3D1-4786-8DB4-79BD1E66156E}.Release|Any CPU.Build.0 = Release|Any CPU
	EndGlobalSection
	GlobalSection(SolutionProperties) = preSolution
		HideSolutionNode = FALSE
	EndGlobalSection
	GlobalSection(ExtensibilityGlobals) = postSolution
		SolutionGuid = {9B4BC287-45FF-4541-A863-C5257C110FB3}
	EndGlobalSection
EndGlobal
